
Microsoft Visual Studio Solution File, Format Version 12.00
# Visual Studio Version 17
VisualStudioVersion = 17.14.36429.23
MinimumVisualStudioVersion = 10.0.40219.1
Project("{FAE04EC0-301F-11D3-BF4B-00C04F79EFBC}") = "Tickefy.API", "src\Tickefy.API\Tickefy.API.csproj", "{FE42655B-99B0-40C8-1572-7FC052671076}"
EndProject
Project("{FAE04EC0-301F-11D3-BF4B-00C04F79EFBC}") = "Tickefy.Application", "src\Tickefy.Application\Tickefy.Application.csproj", "{1C984D98-8DAA-11C8-F022-A46291446394}"
EndProject
Project("{FAE04EC0-301F-11D3-BF4B-00C04F79EFBC}") = "Tickefy.Domain", "src\Tickefy.Domain\Tickefy.Domain.csproj", "{30B34141-A602-BDAF-9EAF-3399DAC3CEA9}"
EndProject
Project("{FAE04EC0-301F-11D3-BF4B-00C04F79EFBC}") = "Tickefy.Infrastructure", "src\Tickefy.Infrastructure\Tickefy.Infrastructure.csproj", "{D891C6FA-8B2D-516C-82CC-6196E4C4C065}"
EndProject
Project("{FAE04EC0-301F-11D3-BF4B-00C04F79EFBC}") = "Tickefy.Domain.Tests", "tests\Tickefy.Domain.Tests\Tickefy.Domain.Tests.csproj", "{67A3BBAE-C783-47BA-908E-671DCCF01877}"
EndProject
Project("{2150E333-8FDC-42A3-9474-1A3956D46DE8}") = "src", "src", "{273A9184-1E10-4FB6-87A1-0DBEBFFFCC4E}"
EndProject
Project("{2150E333-8FDC-42A3-9474-1A3956D46DE8}") = "tests", "tests", "{ECCA75EF-8B97-465A-939B-F15EC1FD221C}"
EndProject
Project("{FAE04EC0-301F-11D3-BF4B-00C04F79EFBC}") = "Tickefy.Application.Tests", "tests\Tickefy.Application.Tests\Tickefy.Application.Tests.csproj", "{9DA02FB0-FD1E-4CC5-8162-24781305CD92}"
EndProject
Project("{FAE04EC0-301F-11D3-BF4B-00C04F79EFBC}") = "Tickefy.API.Tests", "tests\Tickefy.API.Tests\Tickefy.API.Tests.csproj", "{CF0841AC-421E-4986-AB64-7013EC329AC8}"
EndProject
Global
	GlobalSection(SolutionConfigurationPlatforms) = preSolution
		Debug|Any CPU = Debug|Any CPU
		Debug|x64 = Debug|x64
		Debug|x86 = Debug|x86
		Release|Any CPU = Release|Any CPU
		Release|x64 = Release|x64
		Release|x86 = Release|x86
	EndGlobalSection
	GlobalSection(ProjectConfigurationPlatforms) = postSolution
		{FE42655B-99B0-40C8-1572-7FC052671076}.Debug|Any CPU.ActiveCfg = Debug|Any CPU
		{FE42655B-99B0-40C8-1572-7FC052671076}.Debug|Any CPU.Build.0 = Debug|Any CPU
		{FE42655B-99B0-40C8-1572-7FC052671076}.Debug|x64.ActiveCfg = Debug|Any CPU
		{FE42655B-99B0-40C8-1572-7FC052671076}.Debug|x64.Build.0 = Debug|Any CPU
		{FE42655B-99B0-40C8-1572-7FC052671076}.Debug|x86.ActiveCfg = Debug|Any CPU
		{FE42655B-99B0-40C8-1572-7FC052671076}.Debug|x86.Build.0 = Debug|Any CPU
		{FE42655B-99B0-40C8-1572-7FC052671076}.Release|Any CPU.ActiveCfg = Release|Any CPU
		{FE42655B-99B0-40C8-1572-7FC052671076}.Release|Any CPU.Build.0 = Release|Any CPU
		{FE42655B-99B0-40C8-1572-7FC052671076}.Release|x64.ActiveCfg = Release|Any CPU
		{FE42655B-99B0-40C8-1572-7FC052671076}.Release|x64.Build.0 = Release|Any CPU
		{FE42655B-99B0-40C8-1572-7FC052671076}.Release|x86.ActiveCfg = Release|Any CPU
		{FE42655B-99B0-40C8-1572-7FC052671076}.Release|x86.Build.0 = Release|Any CPU
		{1C984D98-8DAA-11C8-F022-A46291446394}.Debug|Any CPU.ActiveCfg = Debug|Any CPU
		{1C984D98-8DAA-11C8-F022-A46291446394}.Debug|Any CPU.Build.0 = Debug|Any CPU
		{1C984D98-8DAA-11C8-F022-A46291446394}.Debug|x64.ActiveCfg = Debug|Any CPU
		{1C984D98-8DAA-11C8-F022-A46291446394}.Debug|x64.Build.0 = Debug|Any CPU
		{1C984D98-8DAA-11C8-F022-A46291446394}.Debug|x86.ActiveCfg = Debug|Any CPU
		{1C984D98-8DAA-11C8-F022-A46291446394}.Debug|x86.Build.0 = Debug|Any CPU
		{1C984D98-8DAA-11C8-F022-A46291446394}.Release|Any CPU.ActiveCfg = Release|Any CPU
		{1C984D98-8DAA-11C8-F022-A46291446394}.Release|Any CPU.Build.0 = Release|Any CPU
		{1C984D98-8DAA-11C8-F022-A46291446394}.Release|x64.ActiveCfg = Release|Any CPU
		{1C984D98-8DAA-11C8-F022-A46291446394}.Release|x64.Build.0 = Release|Any CPU
		{1C984D98-8DAA-11C8-F022-A46291446394}.Release|x86.ActiveCfg = Release|Any CPU
		{1C984D98-8DAA-11C8-F022-A46291446394}.Release|x86.Build.0 = Release|Any CPU
		{30B34141-A602-BDAF-9EAF-3399DAC3CEA9}.Debug|Any CPU.ActiveCfg = Debug|Any CPU
		{30B34141-A602-BDAF-9EAF-3399DAC3CEA9}.Debug|Any CPU.Build.0 = Debug|Any CPU
		{30B34141-A602-BDAF-9EAF-3399DAC3CEA9}.Debug|x64.ActiveCfg = Debug|Any CPU
		{30B34141-A602-BDAF-9EAF-3399DAC3CEA9}.Debug|x64.Build.0 = Debug|Any CPU
		{30B34141-A602-BDAF-9EAF-3399DAC3CEA9}.Debug|x86.ActiveCfg = Debug|Any CPU
		{30B34141-A602-BDAF-9EAF-3399DAC3CEA9}.Debug|x86.Build.0 = Debug|Any CPU
		{30B34141-A602-BDAF-9EAF-3399DAC3CEA9}.Release|Any CPU.ActiveCfg = Release|Any CPU
		{30B34141-A602-BDAF-9EAF-3399DAC3CEA9}.Release|Any CPU.Build.0 = Release|Any CPU
		{30B34141-A602-BDAF-9EAF-3399DAC3CEA9}.Release|x64.ActiveCfg = Release|Any CPU
		{30B34141-A602-BDAF-9EAF-3399DAC3CEA9}.Release|x64.Build.0 = Release|Any CPU
		{30B34141-A602-BDAF-9EAF-3399DAC3CEA9}.Release|x86.ActiveCfg = Release|Any CPU
		{30B34141-A602-BDAF-9EAF-3399DAC3CEA9}.Release|x86.Build.0 = Release|Any CPU
		{D891C6FA-8B2D-516C-82CC-6196E4C4C065}.Debug|Any CPU.ActiveCfg = Debug|Any CPU
		{D891C6FA-8B2D-516C-82CC-6196E4C4C065}.Debug|Any CPU.Build.0 = Debug|Any CPU
		{D891C6FA-8B2D-516C-82CC-6196E4C4C065}.Debug|x64.ActiveCfg = Debug|Any CPU
		{D891C6FA-8B2D-516C-82CC-6196E4C4C065}.Debug|x64.Build.0 = Debug|Any CPU
		{D891C6FA-8B2D-516C-82CC-6196E4C4C065}.Debug|x86.ActiveCfg = Debug|Any CPU
		{D891C6FA-8B2D-516C-82CC-6196E4C4C065}.Debug|x86.Build.0 = Debug|Any CPU
		{D891C6FA-8B2D-516C-82CC-6196E4C4C065}.Release|Any CPU.ActiveCfg = Release|Any CPU
		{D891C6FA-8B2D-516C-82CC-6196E4C4C065}.Release|Any CPU.Build.0 = Release|Any CPU
		{D891C6FA-8B2D-516C-82CC-6196E4C4C065}.Release|x64.ActiveCfg = Release|Any CPU
		{D891C6FA-8B2D-516C-82CC-6196E4C4C065}.Release|x64.Build.0 = Release|Any CPU
		{D891C6FA-8B2D-516C-82CC-6196E4C4C065}.Release|x86.ActiveCfg = Release|Any CPU
		{D891C6FA-8B2D-516C-82CC-6196E4C4C065}.Release|x86.Build.0 = Release|Any CPU
		{67A3BBAE-C783-47BA-908E-671DCCF01877}.Debug|Any CPU.ActiveCfg = Debug|Any CPU
		{67A3BBAE-C783-47BA-908E-671DCCF01877}.Debug|Any CPU.Build.0 = Debug|Any CPU
		{67A3BBAE-C783-47BA-908E-671DCCF01877}.Debug|x64.ActiveCfg = Debug|Any CPU
		{67A3BBAE-C783-47BA-908E-671DCCF01877}.Debug|x64.Build.0 = Debug|Any CPU
		{67A3BBAE-C783-47BA-908E-671DCCF01877}.Debug|x86.ActiveCfg = Debug|Any CPU
		{67A3BBAE-C783-47BA-908E-671DCCF01877}.Debug|x86.Build.0 = Debug|Any CPU
		{67A3BBAE-C783-47BA-908E-671DCCF01877}.Release|Any CPU.ActiveCfg = Release|Any CPU
		{67A3BBAE-C783-47BA-908E-671DCCF01877}.Release|Any CPU.Build.0 = Release|Any CPU
		{67A3BBAE-C783-47BA-908E-671DCCF01877}.Release|x64.ActiveCfg = Release|Any CPU
		{67A3BBAE-C783-47BA-908E-671DCCF01877}.Release|x64.Build.0 = Release|Any CPU
		{67A3BBAE-C783-47BA-908E-671DCCF01877}.Release|x86.ActiveCfg = Release|Any CPU
		{67A3BBAE-C783-47BA-908E-671DCCF01877}.Release|x86.Build.0 = Release|Any CPU
		{9DA02FB0-FD1E-4CC5-8162-24781305CD92}.Debug|Any CPU.ActiveCfg = Debug|Any CPU
		{9DA02FB0-FD1E-4CC5-8162-24781305CD92}.Debug|Any CPU.Build.0 = Debug|Any CPU
		{9DA02FB0-FD1E-4CC5-8162-24781305CD92}.Debug|x64.ActiveCfg = Debug|Any CPU
		{9DA02FB0-FD1E-4CC5-8162-24781305CD92}.Debug|x64.Build.0 = Debug|Any CPU
		{9DA02FB0-FD1E-4CC5-8162-24781305CD92}.Debug|x86.ActiveCfg = Debug|Any CPU
		{9DA02FB0-FD1E-4CC5-8162-24781305CD92}.Debug|x86.Build.0 = Debug|Any CPU
		{9DA02FB0-FD1E-4CC5-8162-24781305CD92}.Release|Any CPU.ActiveCfg = Release|Any CPU
		{9DA02FB0-FD1E-4CC5-8162-24781305CD92}.Release|Any CPU.Build.0 = Release|Any CPU
		{9DA02FB0-FD1E-4CC5-8162-24781305CD92}.Release|x64.ActiveCfg = Release|Any CPU
		{9DA02FB0-FD1E-4CC5-8162-24781305CD92}.Release|x64.Build.0 = Release|Any CPU
		{9DA02FB0-FD1E-4CC5-8162-24781305CD92}.Release|x86.ActiveCfg = Release|Any CPU
		{9DA02FB0-FD1E-4CC5-8162-24781305CD92}.Release|x86.Build.0 = Release|Any CPU
		{CF0841AC-421E-4986-AB64-7013EC329AC8}.Debug|Any CPU.ActiveCfg = Debug|Any CPU
		{CF0841AC-421E-4986-AB64-7013EC329AC8}.Debug|Any CPU.Build.0 = Debug|Any CPU
		{CF0841AC-421E-4986-AB64-7013EC329AC8}.Debug|x64.ActiveCfg = Debug|Any CPU
		{CF0841AC-421E-4986-AB64-7013EC329AC8}.Debug|x64.Build.0 = Debug|Any CPU
		{CF0841AC-421E-4986-AB64-7013EC329AC8}.Debug|x86.ActiveCfg = Debug|Any CPU
		{CF0841AC-421E-4986-AB64-7013EC329AC8}.Debug|x86.Build.0 = Debug|Any CPU
		{CF0841AC-421E-4986-AB64-7013EC329AC8}.Release|Any CPU.ActiveCfg = Release|Any CPU
		{CF0841AC-421E-4986-AB64-7013EC329AC8}.Release|Any CPU.Build.0 = Release|Any CPU
		{CF0841AC-421E-4986-AB64-7013EC329AC8}.Release|x64.ActiveCfg = Release|Any CPU
		{CF0841AC-421E-4986-AB64-7013EC329AC8}.Release|x64.Build.0 = Release|Any CPU
		{CF0841AC-421E-4986-AB64-7013EC329AC8}.Release|x86.ActiveCfg = Release|Any CPU
		{CF0841AC-421E-4986-AB64-7013EC329AC8}.Release|x86.Build.0 = Release|Any CPU
	EndGlobalSection
	GlobalSection(SolutionProperties) = preSolution
		HideSolutionNode = FALSE
	EndGlobalSection
	GlobalSection(NestedProjects) = preSolution
		{FE42655B-99B0-40C8-1572-7FC052671076} = {273A9184-1E10-4FB6-87A1-0DBEBFFFCC4E}
		{1C984D98-8DAA-11C8-F022-A46291446394} = {273A9184-1E10-4FB6-87A1-0DBEBFFFCC4E}
		{30B34141-A602-BDAF-9EAF-3399DAC3CEA9} = {273A9184-1E10-4FB6-87A1-0DBEBFFFCC4E}
		{D891C6FA-8B2D-516C-82CC-6196E4C4C065} = {273A9184-1E10-4FB6-87A1-0DBEBFFFCC4E}
		{67A3BBAE-C783-47BA-908E-671DCCF01877} = {ECCA75EF-8B97-465A-939B-F15EC1FD221C}
		{9DA02FB0-FD1E-4CC5-8162-24781305CD92} = {ECCA75EF-8B97-465A-939B-F15EC1FD221C}
		{CF0841AC-421E-4986-AB64-7013EC329AC8} = {ECCA75EF-8B97-465A-939B-F15EC1FD221C}
	EndGlobalSection
	GlobalSection(ExtensibilityGlobals) = postSolution
		SolutionGuid = {1F516B94-A885-420A-9FFC-8D2DC63ACBE2}
	EndGlobalSection
EndGlobal
